
Microsoft Visual Studio Solution File, Format Version 12.00
# Visual Studio Version 16
VisualStudioVersion = 16.0.31702.278
MinimumVisualStudioVersion = 10.0.40219.1
Project("{FAE04EC0-301F-11D3-BF4B-00C04F79EFBC}") = "Practical_WAD", "Practical_WAD\Practical_WAD.csproj", "{670E13CE-30F1-4ECB-A1E3-DE88BD4C4E8A}"
EndProject
Global
	GlobalSection(SolutionConfigurationPlatforms) = preSolution
		Debug|Any CPU = Debug|Any CPU
		Release|Any CPU = Release|Any CPU
	EndGlobalSection
	GlobalSection(ProjectConfigurationPlatforms) = postSolution
		{670E13CE-30F1-4ECB-A1E3-DE88BD4C4E8A}.Debug|Any CPU.ActiveCfg = Debug|Any CPU
		{670E13CE-30F1-4ECB-A1E3-DE88BD4C4E8A}.Debug|Any CPU.Build.0 = Debug|Any CPU
		{670E13CE-30F1-4ECB-A1E3-DE88BD4C4E8A}.Release|Any CPU.ActiveCfg = Release|Any CPU
		{670E13CE-30F1-4ECB-A1E3-DE88BD4C4E8A}.Release|Any CPU.Build.0 = Release|Any CPU
	EndGlobalSection
	GlobalSection(SolutionProperties) = preSolution
		HideSolutionNode = FALSE
	EndGlobalSection
	GlobalSection(ExtensibilityGlobals) = postSolution
		SolutionGuid = {C63737EB-E71B-471E-9453-8EF52DDAA815}
	EndGlobalSection
EndGlobal
